
Microsoft Visual Studio Solution File, Format Version 12.00
# Visual Studio 15
Project("{FAE04EC0-301F-11D3-BF4B-00C04F79EFBC}") = "Assembly-CSharp", "Assembly-CSharp.csproj", "{1234F867-EC37-D6B7-7B12-52E36E662A27}"
EndProject
Project("{FAE04EC0-301F-11D3-BF4B-00C04F79EFBC}") = "Assembly-CSharp-firstpass", "Assembly-CSharp-firstpass.csproj", "{2988A6EB-93B5-0ECA-1F6A-D5855B579496}"
EndProject
Project("{FAE04EC0-301F-11D3-BF4B-00C04F79EFBC}") = "Assembly-CSharp-Editor-firstpass", "Assembly-CSharp-Editor-firstpass.csproj", "{F9D86C22-128E-DF80-F97E-8396FFE3B020}"
EndProject
Global
	GlobalSection(SolutionConfigurationPlatforms) = preSolution
		Debug|Any CPU = Debug|Any CPU
		Release|Any CPU = Release|Any CPU
	EndGlobalSection
	GlobalSection(ProjectConfigurationPlatforms) = postSolution
		{1234F867-EC37-D6B7-7B12-52E36E662A27}.Debug|Any CPU.ActiveCfg = Debug|Any CPU
		{1234F867-EC37-D6B7-7B12-52E36E662A27}.Debug|Any CPU.Build.0 = Debug|Any CPU
		{1234F867-EC37-D6B7-7B12-52E36E662A27}.Release|Any CPU.ActiveCfg = Release|Any CPU
		{1234F867-EC37-D6B7-7B12-52E36E662A27}.Release|Any CPU.Build.0 = Release|Any CPU
		{2988A6EB-93B5-0ECA-1F6A-D5855B579496}.Debug|Any CPU.ActiveCfg = Debug|Any CPU
		{2988A6EB-93B5-0ECA-1F6A-D5855B579496}.Debug|Any CPU.Build.0 = Debug|Any CPU
		{2988A6EB-93B5-0ECA-1F6A-D5855B579496}.Release|Any CPU.ActiveCfg = Release|Any CPU
		{2988A6EB-93B5-0ECA-1F6A-D5855B579496}.Release|Any CPU.Build.0 = Release|Any CPU
		{F9D86C22-128E-DF80-F97E-8396FFE3B020}.Debug|Any CPU.ActiveCfg = Debug|Any CPU
		{F9D86C22-128E-DF80-F97E-8396FFE3B020}.Debug|Any CPU.Build.0 = Debug|Any CPU
		{F9D86C22-128E-DF80-F97E-8396FFE3B020}.Release|Any CPU.ActiveCfg = Release|Any CPU
		{F9D86C22-128E-DF80-F97E-8396FFE3B020}.Release|Any CPU.Build.0 = Release|Any CPU
	EndGlobalSection
	GlobalSection(SolutionProperties) = preSolution
		HideSolutionNode = FALSE
	EndGlobalSection
EndGlobal
